
Microsoft Visual Studio Solution File, Format Version 12.00
# Visual Studio Version 17
VisualStudioVersion = 17.10.35004.147
MinimumVisualStudioVersion = 10.0.40219.1
Project("{8BC9CEB8-8B4A-11D0-8D11-00A0C91BC942}") = "Basic C++", "Basic C++.vcxproj", "{84900850-6418-41EF-9C56-237D38FB808A}"
EndProject
Global
	GlobalSection(SolutionConfigurationPlatforms) = preSolution
		Debug|x64 = Debug|x64
		Debug|x86 = Debug|x86
		Release|x64 = Release|x64
		Release|x86 = Release|x86
	EndGlobalSection
	GlobalSection(ProjectConfigurationPlatforms) = postSolution
		{84900850-6418-41EF-9C56-237D38FB808A}.Debug|x64.ActiveCfg = Debug|x64
		{84900850-6418-41EF-9C56-237D38FB808A}.Debug|x64.Build.0 = Debug|x64
		{84900850-6418-41EF-9C56-237D38FB808A}.Debug|x86.ActiveCfg = Debug|Win32
		{84900850-6418-41EF-9C56-237D38FB808A}.Debug|x86.Build.0 = Debug|Win32
		{84900850-6418-41EF-9C56-237D38FB808A}.Release|x64.ActiveCfg = Release|x64
		{84900850-6418-41EF-9C56-237D38FB808A}.Release|x64.Build.0 = Release|x64
		{84900850-6418-41EF-9C56-237D38FB808A}.Release|x86.ActiveCfg = Release|Win32
		{84900850-6418-41EF-9C56-237D38FB808A}.Release|x86.Build.0 = Release|Win32
	EndGlobalSection
	GlobalSection(SolutionProperties) = preSolution
		HideSolutionNode = FALSE
	EndGlobalSection
	GlobalSection(ExtensibilityGlobals) = postSolution
		SolutionGuid = {2E505928-FBF4-4B8A-A985-5241A20EEFFA}
	EndGlobalSection
EndGlobal
