
Microsoft Visual Studio Solution File, Format Version 12.00
# Visual Studio Version 17
VisualStudioVersion = 17.10.35004.147
MinimumVisualStudioVersion = 10.0.40219.1
Project("{8BC9CEB8-8B4A-11D0-8D11-00A0C91BC942}") = "TIC_TAC_TOE", "TIC_TAC_TOE.vcxproj", "{AE3A543D-FA04-420C-9FD3-DD6AA97EB31F}"
EndProject
Global
	GlobalSection(SolutionConfigurationPlatforms) = preSolution
		Debug|x64 = Debug|x64
		Debug|x86 = Debug|x86
		Release|x64 = Release|x64
		Release|x86 = Release|x86
	EndGlobalSection
	GlobalSection(ProjectConfigurationPlatforms) = postSolution
		{AE3A543D-FA04-420C-9FD3-DD6AA97EB31F}.Debug|x64.ActiveCfg = Debug|x64
		{AE3A543D-FA04-420C-9FD3-DD6AA97EB31F}.Debug|x64.Build.0 = Debug|x64
		{AE3A543D-FA04-420C-9FD3-DD6AA97EB31F}.Debug|x86.ActiveCfg = Debug|Win32
		{AE3A543D-FA04-420C-9FD3-DD6AA97EB31F}.Debug|x86.Build.0 = Debug|Win32
		{AE3A543D-FA04-420C-9FD3-DD6AA97EB31F}.Release|x64.ActiveCfg = Release|x64
		{AE3A543D-FA04-420C-9FD3-DD6AA97EB31F}.Release|x64.Build.0 = Release|x64
		{AE3A543D-FA04-420C-9FD3-DD6AA97EB31F}.Release|x86.ActiveCfg = Release|Win32
		{AE3A543D-FA04-420C-9FD3-DD6AA97EB31F}.Release|x86.Build.0 = Release|Win32
	EndGlobalSection
	GlobalSection(SolutionProperties) = preSolution
		HideSolutionNode = FALSE
	EndGlobalSection
	GlobalSection(ExtensibilityGlobals) = postSolution
		SolutionGuid = {01BE2458-DC1D-43D8-A80A-F155B1FCCCC6}
	EndGlobalSection
EndGlobal
